github.com/fanghongbo/dlog v0.0.0-20200731012910-5534ab08195c h1:jTK2hTs5Kmr8ToRfmDJxy052/X/YhzPCXu1yMGRkJqk=
github.com/fanghongbo/dlog v0.0.0-20200731012910-5534ab08195c/go.mod h1:AXpbFoF6KTWNVW31Eytj5QcLKivyc5TB1zGxqT+/1As=
github.com/fanghongbo/nux v0.0.0-20200401110743-debb3829764a h1:ooJtwY0H4DjXj5k/bBoMLDz2UHu8omXCr5dnyCKEgaQ=
github.com/fanghongbo/nux v0.0.0-20200401110743-debb3829764a/go.mod h1:TIeBWXSsWF5fVwisAQ1PgP0IychyciCwSdf02Y53r2c=
github.com/fanghongbo/ops-transfer v0.0.0-20200812095530-f62d9cd22d93 h1:ddIhDIDI2UNSEkaWvKEessDlxQUpgnvYKe+Lpy8UVCI=
github.com/fanghongbo/ops-transfer v0.0.0-20200812095530-f62d9cd22d93/go.mod h1:/7aTu+D78gql9ks1eHnHw0S9xpdNTx1KT3XmG2Vpf/Y=
github.com/toolkits/file v0.0.0-20160325033739-a5b3c5147e07 h1:d/VUIMNTk65Xz69htmRPNfjypq2uNRqVsymcXQu6kKk=
github.com/toolkits/file v0.0.0-20160325033739-a5b3c5147e07/go.mod h1:FbXpUxsx5in7z/OrWFDdhYetOy3/VGIJsVHN9G7RUPA=
github.com/toolkits/slice v0.0.0-20141116085117-e44a80af2484 h1:ERmNDajjCusGqV3uLhlHhRNpvQiGM1S6pd0RSe3LP+w=
github.com/toolkits/slice v0.0.0-20141116085117-e44a80af2484/go.mod h1:2ZKxkgYEh//pN54EFSkJBak63sg0LxQQFjQmpEwxQx0=
github.com/toolkits/sys v0.0.0-20170615103026-1f33b217ffaf h1:1/LnhAvvotcSWDl1ntwUePzLXcyHjAzZ0Ih0F+kKGZU=
github.com/toolkits/sys v0.0.0-20170615103026-1f33b217ffaf/go.mod h1:GejnAYmB2Pr/2fWKp7OGdd6MzuXvRwClmdQAnvnr++I=
